
Microsoft Visual Studio Solution File, Format Version 12.00
# Visual Studio Version 17
VisualStudioVersion = 17.0.31903.59
Project("{2150E333-8FDC-42A3-9474-1A3956D46DE8}") = "src", "src", "{A1B2C3D4-0001-0001-0001-000000000001}"
EndProject
Project("{2150E333-8FDC-42A3-9474-1A3956D46DE8}") = "tests", "tests", "{A1B2C3D4-0002-0002-0002-000000000002}"
EndProject
Project("{FAE04EC0-301F-11D3-BF4B-00C04F79EFBC}") = "ContextWeaver.Cli", "src\ContextWeaver.Cli\ContextWeaver.Cli.csproj", "{150E2018-D700-43BE-91A7-BC78D9709B78}"
EndProject
Project("{FAE04EC0-301F-11D3-BF4B-00C04F79EFBC}") = "ContextWeaver.Core", "src\ContextWeaver.Core\ContextWeaver.Core.csproj", "{6E1AEBBB-5C58-405D-83A6-0BD8E01839E4}"
EndProject
Project("{FAE04EC0-301F-11D3-BF4B-00C04F79EFBC}") = "ContextWeaver.Engine", "src\ContextWeaver.Engine\ContextWeaver.Engine.csproj", "{F1FCA3F7-FA8D-4050-9FCC-16080D25E9D9}"
EndProject
Project("{FAE04EC0-301F-11D3-BF4B-00C04F79EFBC}") = "ContextWeaver.Tests.Shared", "tests\ContextWeaver.Tests.Shared\ContextWeaver.Tests.Shared.csproj", "{20071750-2C3F-435B-89C0-0068253B5BC1}"
EndProject
Project("{FAE04EC0-301F-11D3-BF4B-00C04F79EFBC}") = "ContextWeaver.Core.Tests", "tests\ContextWeaver.Core.Tests\ContextWeaver.Core.Tests.csproj", "{E3047101-687C-47AC-84FF-F0DCC5D9F640}"
EndProject
Project("{FAE04EC0-301F-11D3-BF4B-00C04F79EFBC}") = "ContextWeaver.Engine.Tests", "tests\ContextWeaver.Engine.Tests\ContextWeaver.Engine.Tests.csproj", "{5B4C807E-168A-4C5B-8EAE-036003DDB9FE}"
EndProject
Project("{FAE04EC0-301F-11D3-BF4B-00C04F79EFBC}") = "ContextWeaver.E2E.Tests", "tests\ContextWeaver.E2E.Tests\ContextWeaver.E2E.Tests.csproj", "{3EB89845-B715-45A8-914A-14811227BA28}"
EndProject
Global
	GlobalSection(SolutionConfigurationPlatforms) = preSolution
		Debug|Any CPU = Debug|Any CPU
		Release|Any CPU = Release|Any CPU
	EndGlobalSection
	GlobalSection(ProjectConfigurationPlatforms) = postSolution
		{150E2018-D700-43BE-91A7-BC78D9709B78}.Debug|Any CPU.ActiveCfg = Debug|Any CPU
		{150E2018-D700-43BE-91A7-BC78D9709B78}.Debug|Any CPU.Build.0 = Debug|Any CPU
		{150E2018-D700-43BE-91A7-BC78D9709B78}.Release|Any CPU.ActiveCfg = Release|Any CPU
		{150E2018-D700-43BE-91A7-BC78D9709B78}.Release|Any CPU.Build.0 = Release|Any CPU
		{6E1AEBBB-5C58-405D-83A6-0BD8E01839E4}.Debug|Any CPU.ActiveCfg = Debug|Any CPU
		{6E1AEBBB-5C58-405D-83A6-0BD8E01839E4}.Debug|Any CPU.Build.0 = Debug|Any CPU
		{6E1AEBBB-5C58-405D-83A6-0BD8E01839E4}.Release|Any CPU.ActiveCfg = Release|Any CPU
		{6E1AEBBB-5C58-405D-83A6-0BD8E01839E4}.Release|Any CPU.Build.0 = Release|Any CPU
		{F1FCA3F7-FA8D-4050-9FCC-16080D25E9D9}.Debug|Any CPU.ActiveCfg = Debug|Any CPU
		{F1FCA3F7-FA8D-4050-9FCC-16080D25E9D9}.Debug|Any CPU.Build.0 = Debug|Any CPU
		{F1FCA3F7-FA8D-4050-9FCC-16080D25E9D9}.Release|Any CPU.ActiveCfg = Release|Any CPU
		{F1FCA3F7-FA8D-4050-9FCC-16080D25E9D9}.Release|Any CPU.Build.0 = Release|Any CPU
		{20071750-2C3F-435B-89C0-0068253B5BC1}.Debug|Any CPU.ActiveCfg = Debug|Any CPU
		{20071750-2C3F-435B-89C0-0068253B5BC1}.Debug|Any CPU.Build.0 = Debug|Any CPU
		{20071750-2C3F-435B-89C0-0068253B5BC1}.Release|Any CPU.ActiveCfg = Release|Any CPU
		{20071750-2C3F-435B-89C0-0068253B5BC1}.Release|Any CPU.Build.0 = Release|Any CPU
		{E3047101-687C-47AC-84FF-F0DCC5D9F640}.Debug|Any CPU.ActiveCfg = Debug|Any CPU
		{E3047101-687C-47AC-84FF-F0DCC5D9F640}.Debug|Any CPU.Build.0 = Debug|Any CPU
		{E3047101-687C-47AC-84FF-F0DCC5D9F640}.Release|Any CPU.ActiveCfg = Release|Any CPU
		{E3047101-687C-47AC-84FF-F0DCC5D9F640}.Release|Any CPU.Build.0 = Release|Any CPU
		{5B4C807E-168A-4C5B-8EAE-036003DDB9FE}.Debug|Any CPU.ActiveCfg = Debug|Any CPU
		{5B4C807E-168A-4C5B-8EAE-036003DDB9FE}.Debug|Any CPU.Build.0 = Debug|Any CPU
		{5B4C807E-168A-4C5B-8EAE-036003DDB9FE}.Release|Any CPU.ActiveCfg = Release|Any CPU
		{5B4C807E-168A-4C5B-8EAE-036003DDB9FE}.Release|Any CPU.Build.0 = Release|Any CPU
		{3EB89845-B715-45A8-914A-14811227BA28}.Debug|Any CPU.ActiveCfg = Debug|Any CPU
		{3EB89845-B715-45A8-914A-14811227BA28}.Debug|Any CPU.Build.0 = Debug|Any CPU
		{3EB89845-B715-45A8-914A-14811227BA28}.Release|Any CPU.ActiveCfg = Release|Any CPU
		{3EB89845-B715-45A8-914A-14811227BA28}.Release|Any CPU.Build.0 = Release|Any CPU
	EndGlobalSection
	GlobalSection(NestedProjects) = preSolution
		{150E2018-D700-43BE-91A7-BC78D9709B78} = {A1B2C3D4-0001-0001-0001-000000000001}
		{6E1AEBBB-5C58-405D-83A6-0BD8E01839E4} = {A1B2C3D4-0001-0001-0001-000000000001}
		{F1FCA3F7-FA8D-4050-9FCC-16080D25E9D9} = {A1B2C3D4-0001-0001-0001-000000000001}
		{20071750-2C3F-435B-89C0-0068253B5BC1} = {A1B2C3D4-0002-0002-0002-000000000002}
		{E3047101-687C-47AC-84FF-F0DCC5D9F640} = {A1B2C3D4-0002-0002-0002-000000000002}
		{5B4C807E-168A-4C5B-8EAE-036003DDB9FE} = {A1B2C3D4-0002-0002-0002-000000000002}
		{3EB89845-B715-45A8-914A-14811227BA28} = {A1B2C3D4-0002-0002-0002-000000000002}
	EndGlobalSection
EndGlobal
